{
  "name": "javascript",
  "version": "1.0.0",
  "lockfileVersion": 1,
  "requires": true,
  "dependencies": {
    "directory-tree": {
      "version": "2.2.3",
      "resolved": "https://registry.npmjs.org/directory-tree/-/directory-tree-2.2.3.tgz",
      "integrity": "sha512-o2D5lYpQpsSCa2w9/NmGZ/d0GJhfa6+8aqLjeoYgVYIG8VViyom6MNvcuHvrcqJcOyS/IoZw4SO0JNq7QPjJOg=="
    },
    "moment": {
      "version": "2.24.0",
      "resolved": "https://registry.npmjs.org/moment/-/moment-2.24.0.tgz",
      "integrity": "sha512-bV7f+6l2QigeBBZSM/6yTNq4P2fNpSWj/0e7jQcy87A8e7o2nAfP/34/2ky5Vw4B9S446EtIhodAzkFCcR4dQg=="
    }
  }
}
